// !$*UTF8*$!
{
	archiveVersion = 1;
	classes = {
	};
	objectVersion = 56;
	objects = {

/* Begin PBXBuildFile section */
		5B2746CA29D4BF6E00C60BCF /* LoginView.swift in Sources */ = {isa = PBXBuildFile; fileRef = 5B2746C929D4BF6E00C60BCF /* LoginView.swift */; };
		5B2746CD29D4C0EA00C60BCF /* SentUser.swift in Sources */ = {isa = PBXBuildFile; fileRef = 5B2746CC29D4C0EA00C60BCF /* SentUser.swift */; };
		5B2746D129D777AE00C60BCF /* LoginViewModel.swift in Sources */ = {isa = PBXBuildFile; fileRef = 5B2746D029D777AE00C60BCF /* LoginViewModel.swift */; };
		5B7559F529E492370006A9D4 /* HomeViewModel.swift in Sources */ = {isa = PBXBuildFile; fileRef = 5B7559F429E492370006A9D4 /* HomeViewModel.swift */; };
		86FB43BD29DBBBAF00991337 /* ThreadView.swift in Sources */ = {isa = PBXBuildFile; fileRef = 86FB43BC29DBBBAF00991337 /* ThreadView.swift */; };
		86FB43BF29DBBBFB00991337 /* ThreadViewModel.swift in Sources */ = {isa = PBXBuildFile; fileRef = 86FB43BE29DBBBFB00991337 /* ThreadViewModel.swift */; };
		BC4C102029E5F59A00208172 /* GifAnimation.swift in Sources */ = {isa = PBXBuildFile; fileRef = BC4C101F29E5F59A00208172 /* GifAnimation.swift */; };
		BC4C102229E728A500208172 /* UpAndDownAnimation.swift in Sources */ = {isa = PBXBuildFile; fileRef = BC4C102129E728A500208172 /* UpAndDownAnimation.swift */; };
		BC505CEF29D4B1A400D4A5F7 /* Gilroy-ExtraBold.otf in Resources */ = {isa = PBXBuildFile; fileRef = BC505CED29D4B1A400D4A5F7 /* Gilroy-ExtraBold.otf */; };
		BC505CF029D4B1A400D4A5F7 /* Gilroy-Light.otf in Resources */ = {isa = PBXBuildFile; fileRef = BC505CEE29D4B1A400D4A5F7 /* Gilroy-Light.otf */; };
		BC505CF329D4B3CA00D4A5F7 /* CustomFont.swift in Sources */ = {isa = PBXBuildFile; fileRef = BC505CF229D4B3CA00D4A5F7 /* CustomFont.swift */; };
		BC5DED8429DE181700638CC3 /* SFSymbol.swift in Sources */ = {isa = PBXBuildFile; fileRef = BC5DED8129DE181700638CC3 /* SFSymbol.swift */; };
		BC5DED8529DE181700638CC3 /* PageBackground.swift in Sources */ = {isa = PBXBuildFile; fileRef = BC5DED8229DE181700638CC3 /* PageBackground.swift */; };
		BC5DED8629DE181700638CC3 /* ImagePhraseShown.swift in Sources */ = {isa = PBXBuildFile; fileRef = BC5DED8329DE181700638CC3 /* ImagePhraseShown.swift */; };
		BC69263729D51DF200809A16 /* LoadingRoomView.swift in Sources */ = {isa = PBXBuildFile; fileRef = BC69263629D51DF200809A16 /* LoadingRoomView.swift */; };
		BC69263929D614A300809A16 /* Coordinator.swift in Sources */ = {isa = PBXBuildFile; fileRef = BC69263829D614A300809A16 /* Coordinator.swift */; };
		BC69263B29D61CBF00809A16 /* RoomView.swift in Sources */ = {isa = PBXBuildFile; fileRef = BC69263A29D61CBF00809A16 /* RoomView.swift */; };
		BC69263D29D6721D00809A16 /* Field.swift in Sources */ = {isa = PBXBuildFile; fileRef = BC69263C29D6721D00809A16 /* Field.swift */; };
		BC69264229D74ECE00809A16 /* ViewModifier.swift in Sources */ = {isa = PBXBuildFile; fileRef = BC69264129D74ECE00809A16 /* ViewModifier.swift */; };
		BC69264429DCA12C00809A16 /* Line.swift in Sources */ = {isa = PBXBuildFile; fileRef = BC69264329DCA12C00809A16 /* Line.swift */; };
		BC8C868429DCB295001238D6 /* ColorPicker.swift in Sources */ = {isa = PBXBuildFile; fileRef = BC8C868329DCB295001238D6 /* ColorPicker.swift */; };
		BC8C868829DD0981001238D6 /* TimerBar.swift in Sources */ = {isa = PBXBuildFile; fileRef = BC8C868729DD0981001238D6 /* TimerBar.swift */; };
		BC8C868A29DD0C54001238D6 /* RoomViewModel.swift in Sources */ = {isa = PBXBuildFile; fileRef = BC8C868929DD0C54001238D6 /* RoomViewModel.swift */; };
		BCD5F11729DD332D00BA0FAB /* GameStatus.swift in Sources */ = {isa = PBXBuildFile; fileRef = BCD5F11629DD332D00BA0FAB /* GameStatus.swift */; };
		BCECABFE29D4DD4700615452 /* OrangeButton.swift in Sources */ = {isa = PBXBuildFile; fileRef = BCECABFD29D4DD4700615452 /* OrangeButton.swift */; };
		BCECAC0229D501CD00615452 /* CodeTextfield.swift in Sources */ = {isa = PBXBuildFile; fileRef = BCECAC0129D501CD00615452 /* CodeTextfield.swift */; };
		BF28801C29C8CE8000036B84 /* clientApp.swift in Sources */ = {isa = PBXBuildFile; fileRef = BF28801B29C8CE8000036B84 /* clientApp.swift */; };
		BF28802029C8CE8000036B84 /* Assets.xcassets in Resources */ = {isa = PBXBuildFile; fileRef = BF28801F29C8CE8000036B84 /* Assets.xcassets */; };
		BF28802329C8CE8000036B84 /* Preview Assets.xcassets in Resources */ = {isa = PBXBuildFile; fileRef = BF28802229C8CE8000036B84 /* Preview Assets.xcassets */; };
		BF28802E29C8E66D00036B84 /* SocketIO in Frameworks */ = {isa = PBXBuildFile; productRef = BF28802D29C8E66D00036B84 /* SocketIO */; };
		BF28804929D3C19500036B84 /* HomeView.swift in Sources */ = {isa = PBXBuildFile; fileRef = BF28804629D3C19500036B84 /* HomeView.swift */; };
		BF28804E29D3C25B00036B84 /* Color.swift in Sources */ = {isa = PBXBuildFile; fileRef = BF28804D29D3C25B00036B84 /* Color.swift */; };
		BF28805529D3C61200036B84 /* SocketViewModel.swift in Sources */ = {isa = PBXBuildFile; fileRef = BF28805429D3C61200036B84 /* SocketViewModel.swift */; };
		BF28805829D3CE8800036B84 /* AppNavigation.swift in Sources */ = {isa = PBXBuildFile; fileRef = BF28805729D3CE8800036B84 /* AppNavigation.swift */; };
		BF28805B29D3CF7200036B84 /* Route.swift in Sources */ = {isa = PBXBuildFile; fileRef = BF28805A29D3CF7200036B84 /* Route.swift */; };
		BF2C61B329DA0C32000C0B26 /* PodiumView.swift in Sources */ = {isa = PBXBuildFile; fileRef = BF2C61B229DA0C32000C0B26 /* PodiumView.swift */; };
		BF2C61B929DA1C29000C0B26 /* PodiumViewModel.swift in Sources */ = {isa = PBXBuildFile; fileRef = BF2C61B829DA1C29000C0B26 /* PodiumViewModel.swift */; };
		BF2C61C529DBB6F5000C0B26 /* WinnersView.swift in Sources */ = {isa = PBXBuildFile; fileRef = BF2C61C229DBB6F5000C0B26 /* WinnersView.swift */; };
		BF2C61C629DBB6F5000C0B26 /* WinnersViewModel.swift in Sources */ = {isa = PBXBuildFile; fileRef = BF2C61C329DBB6F5000C0B26 /* WinnersViewModel.swift */; };
		BF2C61CA29DBBD45000C0B26 /* WinnersRibbon.swift in Sources */ = {isa = PBXBuildFile; fileRef = BF2C61C929DBBD45000C0B26 /* WinnersRibbon.swift */; };
		BF2C61CC29DBBFCA000C0B26 /* CircularText.swift in Sources */ = {isa = PBXBuildFile; fileRef = BF2C61CB29DBBFCA000C0B26 /* CircularText.swift */; };
		BF2C61CE29DBC873000C0B26 /* ResultEnum.swift in Sources */ = {isa = PBXBuildFile; fileRef = BF2C61CD29DBC873000C0B26 /* ResultEnum.swift */; };
		BF668E6829E5DE710037CBDE /* UsersGrid.swift in Sources */ = {isa = PBXBuildFile; fileRef = BF668E6729E5DE710037CBDE /* UsersGrid.swift */; };
		BF668E6C29E5DEC50037CBDE /* ViewModifierExtension.swift in Sources */ = {isa = PBXBuildFile; fileRef = BF668E6B29E5DEC50037CBDE /* ViewModifierExtension.swift */; };
		BF83E74B29E5DFDD00522342 /* AvailableUsers.swift in Sources */ = {isa = PBXBuildFile; fileRef = BF83E74A29E5DFDD00522342 /* AvailableUsers.swift */; };
/* End PBXBuildFile section */

/* Begin PBXFileReference section */
		5B2746C829D4BF5700C60BCF /* client.entitlements */ = {isa = PBXFileReference; lastKnownFileType = text.plist.entitlements; path = client.entitlements; sourceTree = "<group>"; };
		5B2746C929D4BF6E00C60BCF /* LoginView.swift */ = {isa = PBXFileReference; lastKnownFileType = sourcecode.swift; path = LoginView.swift; sourceTree = "<group>"; };
		5B2746CC29D4C0EA00C60BCF /* SentUser.swift */ = {isa = PBXFileReference; lastKnownFileType = sourcecode.swift; path = SentUser.swift; sourceTree = "<group>"; };
		5B2746D029D777AE00C60BCF /* LoginViewModel.swift */ = {isa = PBXFileReference; lastKnownFileType = sourcecode.swift; path = LoginViewModel.swift; sourceTree = "<group>"; };
		5B7559F429E492370006A9D4 /* HomeViewModel.swift */ = {isa = PBXFileReference; lastKnownFileType = sourcecode.swift; path = HomeViewModel.swift; sourceTree = "<group>"; };
		86FB43BC29DBBBAF00991337 /* ThreadView.swift */ = {isa = PBXFileReference; lastKnownFileType = sourcecode.swift; path = ThreadView.swift; sourceTree = "<group>"; };
		86FB43BE29DBBBFB00991337 /* ThreadViewModel.swift */ = {isa = PBXFileReference; lastKnownFileType = sourcecode.swift; path = ThreadViewModel.swift; sourceTree = "<group>"; };
		BC4C101F29E5F59A00208172 /* GifAnimation.swift */ = {isa = PBXFileReference; lastKnownFileType = sourcecode.swift; path = GifAnimation.swift; sourceTree = "<group>"; };
		BC4C102129E728A500208172 /* UpAndDownAnimation.swift */ = {isa = PBXFileReference; lastKnownFileType = sourcecode.swift; path = UpAndDownAnimation.swift; sourceTree = "<group>"; };
		BC505CED29D4B1A400D4A5F7 /* Gilroy-ExtraBold.otf */ = {isa = PBXFileReference; lastKnownFileType = file; path = "Gilroy-ExtraBold.otf"; sourceTree = "<group>"; };
		BC505CEE29D4B1A400D4A5F7 /* Gilroy-Light.otf */ = {isa = PBXFileReference; lastKnownFileType = file; path = "Gilroy-Light.otf"; sourceTree = "<group>"; };
		BC505CF129D4B27A00D4A5F7 /* Info.plist */ = {isa = PBXFileReference; lastKnownFileType = text.plist.xml; path = Info.plist; sourceTree = "<group>"; };
		BC505CF229D4B3CA00D4A5F7 /* CustomFont.swift */ = {isa = PBXFileReference; lastKnownFileType = sourcecode.swift; path = CustomFont.swift; sourceTree = "<group>"; };
		BC5DED8129DE181700638CC3 /* SFSymbol.swift */ = {isa = PBXFileReference; fileEncoding = 4; lastKnownFileType = sourcecode.swift; name = SFSymbol.swift; path = client/Views/Components/SFSymbol.swift; sourceTree = SOURCE_ROOT; };
		BC5DED8229DE181700638CC3 /* PageBackground.swift */ = {isa = PBXFileReference; fileEncoding = 4; lastKnownFileType = sourcecode.swift; name = PageBackground.swift; path = client/Views/Components/PageBackground.swift; sourceTree = SOURCE_ROOT; };
		BC5DED8329DE181700638CC3 /* ImagePhraseShown.swift */ = {isa = PBXFileReference; fileEncoding = 4; lastKnownFileType = sourcecode.swift; name = ImagePhraseShown.swift; path = client/Views/Components/ImagePhraseShown.swift; sourceTree = SOURCE_ROOT; };
		BC69263629D51DF200809A16 /* LoadingRoomView.swift */ = {isa = PBXFileReference; lastKnownFileType = sourcecode.swift; path = LoadingRoomView.swift; sourceTree = "<group>"; };
		BC69263829D614A300809A16 /* Coordinator.swift */ = {isa = PBXFileReference; lastKnownFileType = sourcecode.swift; path = Coordinator.swift; sourceTree = "<group>"; };
		BC69263A29D61CBF00809A16 /* RoomView.swift */ = {isa = PBXFileReference; lastKnownFileType = sourcecode.swift; path = RoomView.swift; sourceTree = "<group>"; };
		BC69263C29D6721D00809A16 /* Field.swift */ = {isa = PBXFileReference; lastKnownFileType = sourcecode.swift; path = Field.swift; sourceTree = "<group>"; };
		BC69264129D74ECE00809A16 /* ViewModifier.swift */ = {isa = PBXFileReference; lastKnownFileType = sourcecode.swift; path = ViewModifier.swift; sourceTree = "<group>"; };
		BC69264329DCA12C00809A16 /* Line.swift */ = {isa = PBXFileReference; lastKnownFileType = sourcecode.swift; path = Line.swift; sourceTree = "<group>"; };
		BC8C868329DCB295001238D6 /* ColorPicker.swift */ = {isa = PBXFileReference; lastKnownFileType = sourcecode.swift; path = ColorPicker.swift; sourceTree = "<group>"; };
		BC8C868729DD0981001238D6 /* TimerBar.swift */ = {isa = PBXFileReference; lastKnownFileType = sourcecode.swift; path = TimerBar.swift; sourceTree = "<group>"; };
		BC8C868929DD0C54001238D6 /* RoomViewModel.swift */ = {isa = PBXFileReference; lastKnownFileType = sourcecode.swift; path = RoomViewModel.swift; sourceTree = "<group>"; };
		BCD5F11629DD332D00BA0FAB /* GameStatus.swift */ = {isa = PBXFileReference; lastKnownFileType = sourcecode.swift; path = GameStatus.swift; sourceTree = "<group>"; };
		BCECABFD29D4DD4700615452 /* OrangeButton.swift */ = {isa = PBXFileReference; lastKnownFileType = sourcecode.swift; path = OrangeButton.swift; sourceTree = "<group>"; };
		BCECAC0129D501CD00615452 /* CodeTextfield.swift */ = {isa = PBXFileReference; lastKnownFileType = sourcecode.swift; path = CodeTextfield.swift; sourceTree = "<group>"; };
		BF28801829C8CE8000036B84 /* client.app */ = {isa = PBXFileReference; explicitFileType = wrapper.application; includeInIndex = 0; path = client.app; sourceTree = BUILT_PRODUCTS_DIR; };
		BF28801B29C8CE8000036B84 /* clientApp.swift */ = {isa = PBXFileReference; lastKnownFileType = sourcecode.swift; path = clientApp.swift; sourceTree = "<group>"; };
		BF28801F29C8CE8000036B84 /* Assets.xcassets */ = {isa = PBXFileReference; lastKnownFileType = folder.assetcatalog; path = Assets.xcassets; sourceTree = "<group>"; };
		BF28802229C8CE8000036B84 /* Preview Assets.xcassets */ = {isa = PBXFileReference; lastKnownFileType = folder.assetcatalog; path = "Preview Assets.xcassets"; sourceTree = "<group>"; };
		BF28804629D3C19500036B84 /* HomeView.swift */ = {isa = PBXFileReference; lastKnownFileType = sourcecode.swift; path = HomeView.swift; sourceTree = "<group>"; };
		BF28804D29D3C25B00036B84 /* Color.swift */ = {isa = PBXFileReference; lastKnownFileType = sourcecode.swift; path = Color.swift; sourceTree = "<group>"; };
		BF28805429D3C61200036B84 /* SocketViewModel.swift */ = {isa = PBXFileReference; lastKnownFileType = sourcecode.swift; path = SocketViewModel.swift; sourceTree = "<group>"; };
		BF28805729D3CE8800036B84 /* AppNavigation.swift */ = {isa = PBXFileReference; lastKnownFileType = sourcecode.swift; path = AppNavigation.swift; sourceTree = "<group>"; };
		BF28805A29D3CF7200036B84 /* Route.swift */ = {isa = PBXFileReference; lastKnownFileType = sourcecode.swift; path = Route.swift; sourceTree = "<group>"; };
		BF2C61B229DA0C32000C0B26 /* PodiumView.swift */ = {isa = PBXFileReference; lastKnownFileType = sourcecode.swift; path = PodiumView.swift; sourceTree = "<group>"; };
		BF2C61B829DA1C29000C0B26 /* PodiumViewModel.swift */ = {isa = PBXFileReference; lastKnownFileType = sourcecode.swift; path = PodiumViewModel.swift; sourceTree = "<group>"; };
		BF2C61C229DBB6F5000C0B26 /* WinnersView.swift */ = {isa = PBXFileReference; lastKnownFileType = sourcecode.swift; path = WinnersView.swift; sourceTree = "<group>"; };
		BF2C61C329DBB6F5000C0B26 /* WinnersViewModel.swift */ = {isa = PBXFileReference; lastKnownFileType = sourcecode.swift; path = WinnersViewModel.swift; sourceTree = "<group>"; };
		BF2C61C929DBBD45000C0B26 /* WinnersRibbon.swift */ = {isa = PBXFileReference; lastKnownFileType = sourcecode.swift; path = WinnersRibbon.swift; sourceTree = "<group>"; };
		BF2C61CB29DBBFCA000C0B26 /* CircularText.swift */ = {isa = PBXFileReference; lastKnownFileType = sourcecode.swift; path = CircularText.swift; sourceTree = "<group>"; };
		BF2C61CD29DBC873000C0B26 /* ResultEnum.swift */ = {isa = PBXFileReference; lastKnownFileType = sourcecode.swift; path = ResultEnum.swift; sourceTree = "<group>"; };
		BF668E6729E5DE710037CBDE /* UsersGrid.swift */ = {isa = PBXFileReference; fileEncoding = 4; lastKnownFileType = sourcecode.swift; path = UsersGrid.swift; sourceTree = "<group>"; };
		BF668E6B29E5DEC50037CBDE /* ViewModifierExtension.swift */ = {isa = PBXFileReference; lastKnownFileType = sourcecode.swift; path = ViewModifierExtension.swift; sourceTree = "<group>"; };
		BF83E74A29E5DFDD00522342 /* AvailableUsers.swift */ = {isa = PBXFileReference; fileEncoding = 4; lastKnownFileType = sourcecode.swift; path = AvailableUsers.swift; sourceTree = "<group>"; };
/* End PBXFileReference section */

/* Begin PBXFrameworksBuildPhase section */
		BF28801529C8CE8000036B84 /* Frameworks */ = {
			isa = PBXFrameworksBuildPhase;
			buildActionMask = 2147483647;
			files = (
				BF28802E29C8E66D00036B84 /* SocketIO in Frameworks */,
			);
			runOnlyForDeploymentPostprocessing = 0;
		};
/* End PBXFrameworksBuildPhase section */

/* Begin PBXGroup section */
		5B2746CB29D4BFD900C60BCF /* Models */ = {
			isa = PBXGroup;
			children = (
				5B2746CC29D4C0EA00C60BCF /* SentUser.swift */,
			);
			path = Models;
			sourceTree = "<group>";
		};
		86FB43BB29DBBB9C00991337 /* ThreadView */ = {
			isa = PBXGroup;
			children = (
				86FB43BC29DBBBAF00991337 /* ThreadView.swift */,
				86FB43BE29DBBBFB00991337 /* ThreadViewModel.swift */,
			);
			path = ThreadView;
			sourceTree = "<group>";
		};
		BC8C868B29DD0F15001238D6 /* RoomView */ = {
			isa = PBXGroup;
			children = (
				BC69264329DCA12C00809A16 /* Line.swift */,
				BC69263A29D61CBF00809A16 /* RoomView.swift */,
				BCD5F11629DD332D00BA0FAB /* GameStatus.swift */,
			);
			path = RoomView;
			sourceTree = "<group>";
		};
		BCB9048529D4B0A80021E691 /* Fonts */ = {
			isa = PBXGroup;
			children = (
				BC505CED29D4B1A400D4A5F7 /* Gilroy-ExtraBold.otf */,
				BC505CEE29D4B1A400D4A5F7 /* Gilroy-Light.otf */,
				BC505CF229D4B3CA00D4A5F7 /* CustomFont.swift */,
			);
			path = Fonts;
			sourceTree = "<group>";
		};
		BCECABFC29D4DD1E00615452 /* Components */ = {
			isa = PBXGroup;
			children = (
				BCECABFD29D4DD4700615452 /* OrangeButton.swift */,
				BCECAC0129D501CD00615452 /* CodeTextfield.swift */,
				BC8C868329DCB295001238D6 /* ColorPicker.swift */,
				BC8C868729DD0981001238D6 /* TimerBar.swift */,
				BC5DED8329DE181700638CC3 /* ImagePhraseShown.swift */,
				BF668E6729E5DE710037CBDE /* UsersGrid.swift */,
				BC5DED8229DE181700638CC3 /* PageBackground.swift */,
				BC5DED8129DE181700638CC3 /* SFSymbol.swift */,
				BC4C101F29E5F59A00208172 /* GifAnimation.swift */,
				BC4C102129E728A500208172 /* UpAndDownAnimation.swift */,
			);
			path = Components;
			sourceTree = "<group>";
		};
		BF28800F29C8CE8000036B84 = {
			isa = PBXGroup;
			children = (
				BF28801A29C8CE8000036B84 /* client */,
				BF28801929C8CE8000036B84 /* Products */,
			);
			sourceTree = "<group>";
		};
		BF28801929C8CE8000036B84 /* Products */ = {
			isa = PBXGroup;
			children = (
				BF28801829C8CE8000036B84 /* client.app */,
			);
			name = Products;
			sourceTree = "<group>";
		};
		BF28801A29C8CE8000036B84 /* client */ = {
			isa = PBXGroup;
			children = (
				5B2746CB29D4BFD900C60BCF /* Models */,
				5B2746C829D4BF5700C60BCF /* client.entitlements */,
				BC505CF129D4B27A00D4A5F7 /* Info.plist */,
				BCECABFC29D4DD1E00615452 /* Components */,
				BF28805329D3C5FF00036B84 /* ViewModels */,
				BF28804C29D3C22000036B84 /* Extensions */,
				BF28803E29D3C10D00036B84 /* Views */,
				BF28801B29C8CE8000036B84 /* clientApp.swift */,
				BF28801F29C8CE8000036B84 /* Assets.xcassets */,
				BF28802129C8CE8000036B84 /* Preview Content */,
			);
			path = client;
			sourceTree = "<group>";
		};
		BF28802129C8CE8000036B84 /* Preview Content */ = {
			isa = PBXGroup;
			children = (
				BF28802229C8CE8000036B84 /* Preview Assets.xcassets */,
			);
			path = "Preview Content";
			sourceTree = "<group>";
		};
		BF28803E29D3C10D00036B84 /* Views */ = {
			isa = PBXGroup;
			children = (
				BF28805629D3CE5E00036B84 /* Navigation */,
				BF28805029D3C35800036B84 /* Core */,
			);
			path = Views;
			sourceTree = "<group>";
		};
		BF28803F29D3C11700036B84 /* HomeView */ = {
			isa = PBXGroup;
			children = (
				5B7559F429E492370006A9D4 /* HomeViewModel.swift */,
				BC69264129D74ECE00809A16 /* ViewModifier.swift */,
				BF28804629D3C19500036B84 /* HomeView.swift */,
				BC69263C29D6721D00809A16 /* Field.swift */,
			);
			path = HomeView;
			sourceTree = "<group>";
		};
		BF28804C29D3C22000036B84 /* Extensions */ = {
			isa = PBXGroup;
			children = (
				BCB9048529D4B0A80021E691 /* Fonts */,
				BF28804D29D3C25B00036B84 /* Color.swift */,
				BF668E6B29E5DEC50037CBDE /* ViewModifierExtension.swift */,
			);
			path = Extensions;
			sourceTree = "<group>";
		};
		BF28805029D3C35800036B84 /* Core */ = {
			isa = PBXGroup;
			children = (
				BF83E74E29E5E26400522342 /* LoadingRoomView */,
				BF83E74D29E5E23700522342 /* AvailableUsers */,
				BF83E74C29E5E20400522342 /* LoginView */,
				BC8C868B29DD0F15001238D6 /* RoomView */,
				86FB43BB29DBBB9C00991337 /* ThreadView */,
				BF2C61C129DBB6DB000C0B26 /* WinnersView */,
				BF2C61B129DA0C01000C0B26 /* PodiumView */,
				BF28803F29D3C11700036B84 /* HomeView */,
			);
			path = Core;
			sourceTree = "<group>";
		};
		BF28805329D3C5FF00036B84 /* ViewModels */ = {
			isa = PBXGroup;
			children = (
				BF28805429D3C61200036B84 /* SocketViewModel.swift */,
				BC8C868929DD0C54001238D6 /* RoomViewModel.swift */,
			);
			path = ViewModels;
			sourceTree = "<group>";
		};
		BF28805629D3CE5E00036B84 /* Navigation */ = {
			isa = PBXGroup;
			children = (
				BF28805729D3CE8800036B84 /* AppNavigation.swift */,
				BF28805A29D3CF7200036B84 /* Route.swift */,
				BC69263829D614A300809A16 /* Coordinator.swift */,
			);
			path = Navigation;
			sourceTree = "<group>";
		};
		BF2C61B129DA0C01000C0B26 /* PodiumView */ = {
			isa = PBXGroup;
			children = (
				BF2C61B229DA0C32000C0B26 /* PodiumView.swift */,
				BF2C61B829DA1C29000C0B26 /* PodiumViewModel.swift */,
			);
			path = PodiumView;
			sourceTree = "<group>";
		};
		BF2C61C129DBB6DB000C0B26 /* WinnersView */ = {
			isa = PBXGroup;
			children = (
				BF2C61C829DBBD0E000C0B26 /* WinnersComponents */,
				BF2C61C229DBB6F5000C0B26 /* WinnersView.swift */,
				BF2C61C329DBB6F5000C0B26 /* WinnersViewModel.swift */,
			);
			path = WinnersView;
			sourceTree = "<group>";
		};
		BF2C61C829DBBD0E000C0B26 /* WinnersComponents */ = {
			isa = PBXGroup;
			children = (
				BF2C61C929DBBD45000C0B26 /* WinnersRibbon.swift */,
				BF2C61CB29DBBFCA000C0B26 /* CircularText.swift */,
				BF2C61CD29DBC873000C0B26 /* ResultEnum.swift */,
			);
			path = WinnersComponents;
			sourceTree = "<group>";
		};
		BF83E74C29E5E20400522342 /* LoginView */ = {
			isa = PBXGroup;
			children = (
				5B2746D029D777AE00C60BCF /* LoginViewModel.swift */,
				5B2746C929D4BF6E00C60BCF /* LoginView.swift */,
			);
			path = LoginView;
			sourceTree = "<group>";
		};
		BF83E74D29E5E23700522342 /* AvailableUsers */ = {
			isa = PBXGroup;
			children = (
				BF83E74A29E5DFDD00522342 /* AvailableUsers.swift */,
			);
			path = AvailableUsers;
			sourceTree = "<group>";
		};
		BF83E74E29E5E26400522342 /* LoadingRoomView */ = {
			isa = PBXGroup;
			children = (
				BC69263629D51DF200809A16 /* LoadingRoomView.swift */,
			);
			path = LoadingRoomView;
			sourceTree = "<group>";
		};
/* End PBXGroup section */

/* Begin PBXNativeTarget section */
		BF28801729C8CE8000036B84 /* client */ = {
			isa = PBXNativeTarget;
			buildConfigurationList = BF28802629C8CE8000036B84 /* Build configuration list for PBXNativeTarget "client" */;
			buildPhases = (
				BF28801429C8CE8000036B84 /* Sources */,
				BF28801529C8CE8000036B84 /* Frameworks */,
				BF28801629C8CE8000036B84 /* Resources */,
			);
			buildRules = (
			);
			dependencies = (
			);
			name = client;
			packageProductDependencies = (
				BF28802D29C8E66D00036B84 /* SocketIO */,
			);
			productName = client;
			productReference = BF28801829C8CE8000036B84 /* client.app */;
			productType = "com.apple.product-type.application";
		};
/* End PBXNativeTarget section */

/* Begin PBXProject section */
		BF28801029C8CE8000036B84 /* Project object */ = {
			isa = PBXProject;
			attributes = {
				BuildIndependentTargetsInParallel = 1;
				LastSwiftUpdateCheck = 1420;
				LastUpgradeCheck = 1420;
				TargetAttributes = {
					BF28801729C8CE8000036B84 = {
						CreatedOnToolsVersion = 14.2;
					};
				};
			};
			buildConfigurationList = BF28801329C8CE8000036B84 /* Build configuration list for PBXProject "client" */;
			compatibilityVersion = "Xcode 14.0";
			developmentRegion = en;
			hasScannedForEncodings = 0;
			knownRegions = (
				en,
				Base,
			);
			mainGroup = BF28800F29C8CE8000036B84;
			packageReferences = (
				BF28802C29C8E66D00036B84 /* XCRemoteSwiftPackageReference "socket.io-client-swift" */,
			);
			productRefGroup = BF28801929C8CE8000036B84 /* Products */;
			projectDirPath = "";
			projectRoot = "";
			targets = (
				BF28801729C8CE8000036B84 /* client */,
			);
		};
/* End PBXProject section */

/* Begin PBXResourcesBuildPhase section */
		BF28801629C8CE8000036B84 /* Resources */ = {
			isa = PBXResourcesBuildPhase;
			buildActionMask = 2147483647;
			files = (
				BF28802329C8CE8000036B84 /* Preview Assets.xcassets in Resources */,
				BF28802029C8CE8000036B84 /* Assets.xcassets in Resources */,
				BC505CF029D4B1A400D4A5F7 /* Gilroy-Light.otf in Resources */,
				BC505CEF29D4B1A400D4A5F7 /* Gilroy-ExtraBold.otf in Resources */,
			);
			runOnlyForDeploymentPostprocessing = 0;
		};
/* End PBXResourcesBuildPhase section */

/* Begin PBXSourcesBuildPhase section */
		BF28801429C8CE8000036B84 /* Sources */ = {
			isa = PBXSourcesBuildPhase;
			buildActionMask = 2147483647;
			files = (
				5B2746CD29D4C0EA00C60BCF /* SentUser.swift in Sources */,
				BC505CF329D4B3CA00D4A5F7 /* CustomFont.swift in Sources */,
				5B2746D129D777AE00C60BCF /* LoginViewModel.swift in Sources */,
				BF2C61CA29DBBD45000C0B26 /* WinnersRibbon.swift in Sources */,
				BF668E6C29E5DEC50037CBDE /* ViewModifierExtension.swift in Sources */,
				BC505CF329D4B3CA00D4A5F7 /* CustomFont.swift in Sources */,
				BCECABFE29D4DD4700615452 /* OrangeButton.swift in Sources */,
				BCECAC0229D501CD00615452 /* CodeTextfield.swift in Sources */,
				BF2C61C629DBB6F5000C0B26 /* WinnersViewModel.swift in Sources */,
				BC5DED8629DE181700638CC3 /* ImagePhraseShown.swift in Sources */,
				BF83E74B29E5DFDD00522342 /* AvailableUsers.swift in Sources */,
				BF2C61CC29DBBFCA000C0B26 /* CircularText.swift in Sources */,
				BF2C61B929DA1C29000C0B26 /* PodiumViewModel.swift in Sources */,
				86FB43BD29DBBBAF00991337 /* ThreadView.swift in Sources */,
				BF28801C29C8CE8000036B84 /* clientApp.swift in Sources */,
				BF28804E29D3C25B00036B84 /* Color.swift in Sources */,
				BF668E6829E5DE710037CBDE /* UsersGrid.swift in Sources */,
				BF28805829D3CE8800036B84 /* AppNavigation.swift in Sources */,
				BC69263729D51DF200809A16 /* LoadingRoomView.swift in Sources */,
				BC4C102029E5F59A00208172 /* GifAnimation.swift in Sources */,
				BC69263929D614A300809A16 /* Coordinator.swift in Sources */,
				BC4C102229E728A500208172 /* UpAndDownAnimation.swift in Sources */,
				BF28805529D3C61200036B84 /* SocketViewModel.swift in Sources */,
				BC69263B29D61CBF00809A16 /* RoomView.swift in Sources */,
				BF28805B29D3CF7200036B84 /* Route.swift in Sources */,
				BC69263D29D6721D00809A16 /* Field.swift in Sources */,
				BC8C868829DD0981001238D6 /* TimerBar.swift in Sources */,
				BC8C868429DCB295001238D6 /* ColorPicker.swift in Sources */,
				BC69264429DCA12C00809A16 /* Line.swift in Sources */,
				BC5DED8429DE181700638CC3 /* SFSymbol.swift in Sources */,
				BC69264229D74ECE00809A16 /* ViewModifier.swift in Sources */,
				BCD5F11729DD332D00BA0FAB /* GameStatus.swift in Sources */,
				BF2C61B329DA0C32000C0B26 /* PodiumView.swift in Sources */,
				BF2C61C529DBB6F5000C0B26 /* WinnersView.swift in Sources */,
				BF28805B29D3CF7200036B84 /* Route.swift in Sources */,
				5B2746CA29D4BF6E00C60BCF /* LoginView.swift in Sources */,
				BF2C61CE29DBC873000C0B26 /* ResultEnum.swift in Sources */,
				5B7559F529E492370006A9D4 /* HomeViewModel.swift in Sources */,
				86FB43BF29DBBBFB00991337 /* ThreadViewModel.swift in Sources */,
				BF28804929D3C19500036B84 /* HomeView.swift in Sources */,
				BC5DED8529DE181700638CC3 /* PageBackground.swift in Sources */,
				BC8C868A29DD0C54001238D6 /* RoomViewModel.swift in Sources */,
			);
			runOnlyForDeploymentPostprocessing = 0;
		};
/* End PBXSourcesBuildPhase section */

/* Begin XCBuildConfiguration section */
		BF28802429C8CE8000036B84 /* Debug */ = {
			isa = XCBuildConfiguration;
			buildSettings = {
				ALWAYS_SEARCH_USER_PATHS = NO;
				CLANG_ANALYZER_NONNULL = YES;
				CLANG_ANALYZER_NUMBER_OBJECT_CONVERSION = YES_AGGRESSIVE;
				CLANG_CXX_LANGUAGE_STANDARD = "gnu++20";
				CLANG_ENABLE_MODULES = YES;
				CLANG_ENABLE_OBJC_ARC = YES;
				CLANG_ENABLE_OBJC_WEAK = YES;
				CLANG_WARN_BLOCK_CAPTURE_AUTORELEASING = YES;
				CLANG_WARN_BOOL_CONVERSION = YES;
				CLANG_WARN_COMMA = YES;
				CLANG_WARN_CONSTANT_CONVERSION = YES;
				CLANG_WARN_DEPRECATED_OBJC_IMPLEMENTATIONS = YES;
				CLANG_WARN_DIRECT_OBJC_ISA_USAGE = YES_ERROR;
				CLANG_WARN_DOCUMENTATION_COMMENTS = YES;
				CLANG_WARN_EMPTY_BODY = YES;
				CLANG_WARN_ENUM_CONVERSION = YES;
				CLANG_WARN_INFINITE_RECURSION = YES;
				CLANG_WARN_INT_CONVERSION = YES;
				CLANG_WARN_NON_LITERAL_NULL_CONVERSION = YES;
				CLANG_WARN_OBJC_IMPLICIT_RETAIN_SELF = YES;
				CLANG_WARN_OBJC_LITERAL_CONVERSION = YES;
				CLANG_WARN_OBJC_ROOT_CLASS = YES_ERROR;
				CLANG_WARN_QUOTED_INCLUDE_IN_FRAMEWORK_HEADER = YES;
				CLANG_WARN_RANGE_LOOP_ANALYSIS = YES;
				CLANG_WARN_STRICT_PROTOTYPES = YES;
				CLANG_WARN_SUSPICIOUS_MOVE = YES;
				CLANG_WARN_UNGUARDED_AVAILABILITY = YES_AGGRESSIVE;
				CLANG_WARN_UNREACHABLE_CODE = YES;
				CLANG_WARN__DUPLICATE_METHOD_MATCH = YES;
				COPY_PHASE_STRIP = NO;
				DEBUG_INFORMATION_FORMAT = dwarf;
				ENABLE_STRICT_OBJC_MSGSEND = YES;
				ENABLE_TESTABILITY = YES;
				GCC_C_LANGUAGE_STANDARD = gnu11;
				GCC_DYNAMIC_NO_PIC = NO;
				GCC_NO_COMMON_BLOCKS = YES;
				GCC_OPTIMIZATION_LEVEL = 0;
				GCC_PREPROCESSOR_DEFINITIONS = (
					"DEBUG=1",
					"$(inherited)",
				);
				GCC_WARN_64_TO_32_BIT_CONVERSION = YES;
				GCC_WARN_ABOUT_RETURN_TYPE = YES_ERROR;
				GCC_WARN_UNDECLARED_SELECTOR = YES;
				GCC_WARN_UNINITIALIZED_AUTOS = YES_AGGRESSIVE;
				GCC_WARN_UNUSED_FUNCTION = YES;
				GCC_WARN_UNUSED_VARIABLE = YES;
				IPHONEOS_DEPLOYMENT_TARGET = 16.0;
				MTL_ENABLE_DEBUG_INFO = INCLUDE_SOURCE;
				MTL_FAST_MATH = YES;
				ONLY_ACTIVE_ARCH = YES;
				SDKROOT = iphoneos;
				SWIFT_ACTIVE_COMPILATION_CONDITIONS = DEBUG;
				SWIFT_OPTIMIZATION_LEVEL = "-Onone";
			};
			name = Debug;
		};
		BF28802529C8CE8000036B84 /* Release */ = {
			isa = XCBuildConfiguration;
			buildSettings = {
				ALWAYS_SEARCH_USER_PATHS = NO;
				CLANG_ANALYZER_NONNULL = YES;
				CLANG_ANALYZER_NUMBER_OBJECT_CONVERSION = YES_AGGRESSIVE;
				CLANG_CXX_LANGUAGE_STANDARD = "gnu++20";
				CLANG_ENABLE_MODULES = YES;
				CLANG_ENABLE_OBJC_ARC = YES;
				CLANG_ENABLE_OBJC_WEAK = YES;
				CLANG_WARN_BLOCK_CAPTURE_AUTORELEASING = YES;
				CLANG_WARN_BOOL_CONVERSION = YES;
				CLANG_WARN_COMMA = YES;
				CLANG_WARN_CONSTANT_CONVERSION = YES;
				CLANG_WARN_DEPRECATED_OBJC_IMPLEMENTATIONS = YES;
				CLANG_WARN_DIRECT_OBJC_ISA_USAGE = YES_ERROR;
				CLANG_WARN_DOCUMENTATION_COMMENTS = YES;
				CLANG_WARN_EMPTY_BODY = YES;
				CLANG_WARN_ENUM_CONVERSION = YES;
				CLANG_WARN_INFINITE_RECURSION = YES;
				CLANG_WARN_INT_CONVERSION = YES;
				CLANG_WARN_NON_LITERAL_NULL_CONVERSION = YES;
				CLANG_WARN_OBJC_IMPLICIT_RETAIN_SELF = YES;
				CLANG_WARN_OBJC_LITERAL_CONVERSION = YES;
				CLANG_WARN_OBJC_ROOT_CLASS = YES_ERROR;
				CLANG_WARN_QUOTED_INCLUDE_IN_FRAMEWORK_HEADER = YES;
				CLANG_WARN_RANGE_LOOP_ANALYSIS = YES;
				CLANG_WARN_STRICT_PROTOTYPES = YES;
				CLANG_WARN_SUSPICIOUS_MOVE = YES;
				CLANG_WARN_UNGUARDED_AVAILABILITY = YES_AGGRESSIVE;
				CLANG_WARN_UNREACHABLE_CODE = YES;
				CLANG_WARN__DUPLICATE_METHOD_MATCH = YES;
				COPY_PHASE_STRIP = NO;
				DEBUG_INFORMATION_FORMAT = "dwarf-with-dsym";
				ENABLE_NS_ASSERTIONS = NO;
				ENABLE_STRICT_OBJC_MSGSEND = YES;
				GCC_C_LANGUAGE_STANDARD = gnu11;
				GCC_NO_COMMON_BLOCKS = YES;
				GCC_WARN_64_TO_32_BIT_CONVERSION = YES;
				GCC_WARN_ABOUT_RETURN_TYPE = YES_ERROR;
				GCC_WARN_UNDECLARED_SELECTOR = YES;
				GCC_WARN_UNINITIALIZED_AUTOS = YES_AGGRESSIVE;
				GCC_WARN_UNUSED_FUNCTION = YES;
				GCC_WARN_UNUSED_VARIABLE = YES;
				IPHONEOS_DEPLOYMENT_TARGET = 16.0;
				MTL_ENABLE_DEBUG_INFO = NO;
				MTL_FAST_MATH = YES;
				SDKROOT = iphoneos;
				SWIFT_COMPILATION_MODE = wholemodule;
				SWIFT_OPTIMIZATION_LEVEL = "-O";
				VALIDATE_PRODUCT = YES;
			};
			name = Release;
		};
		BF28802729C8CE8000036B84 /* Debug */ = {
			isa = XCBuildConfiguration;
			buildSettings = {
				ASSETCATALOG_COMPILER_APPICON_NAME = AppIcon;
				ASSETCATALOG_COMPILER_GLOBAL_ACCENT_COLOR_NAME = AccentColor;
				CODE_SIGN_ENTITLEMENTS = client/client.entitlements;
				CODE_SIGN_STYLE = Automatic;
				CURRENT_PROJECT_VERSION = 1;
				DEVELOPMENT_ASSET_PATHS = "\"client/Preview Content\"";
				DEVELOPMENT_TEAM = FQJGC4G68L;
				ENABLE_PREVIEWS = YES;
				GENERATE_INFOPLIST_FILE = YES;
				INFOPLIST_FILE = client/Info.plist;
				INFOPLIST_KEY_UIApplicationSceneManifest_Generation = YES;
				INFOPLIST_KEY_UIApplicationSupportsIndirectInputEvents = YES;
				INFOPLIST_KEY_UILaunchScreen_Generation = YES;
				INFOPLIST_KEY_UISupportedInterfaceOrientations_iPad = "UIInterfaceOrientationLandscapeLeft UIInterfaceOrientationLandscapeRight";
				LD_RUNPATH_SEARCH_PATHS = (
					"$(inherited)",
					"@executable_path/Frameworks",
				);
				MARKETING_VERSION = 1.0;
				PRODUCT_BUNDLE_IDENTIFIER = studies.s.client;
				PRODUCT_NAME = "$(TARGET_NAME)";
				SWIFT_EMIT_LOC_STRINGS = YES;
				SWIFT_VERSION = 5.0;
				TARGETED_DEVICE_FAMILY = "1,2";
			};
			name = Debug;
		};
		BF28802829C8CE8000036B84 /* Release */ = {
			isa = XCBuildConfiguration;
			buildSettings = {
				ASSETCATALOG_COMPILER_APPICON_NAME = AppIcon;
				ASSETCATALOG_COMPILER_GLOBAL_ACCENT_COLOR_NAME = AccentColor;
				CODE_SIGN_ENTITLEMENTS = client/client.entitlements;
				CODE_SIGN_STYLE = Automatic;
				CURRENT_PROJECT_VERSION = 1;
				DEVELOPMENT_ASSET_PATHS = "\"client/Preview Content\"";
				DEVELOPMENT_TEAM = FQJGC4G68L;
				ENABLE_PREVIEWS = YES;
				GENERATE_INFOPLIST_FILE = YES;
				INFOPLIST_FILE = client/Info.plist;
				INFOPLIST_KEY_UIApplicationSceneManifest_Generation = YES;
				INFOPLIST_KEY_UIApplicationSupportsIndirectInputEvents = YES;
				INFOPLIST_KEY_UILaunchScreen_Generation = YES;
				INFOPLIST_KEY_UISupportedInterfaceOrientations_iPad = "UIInterfaceOrientationLandscapeLeft UIInterfaceOrientationLandscapeRight";
				LD_RUNPATH_SEARCH_PATHS = (
					"$(inherited)",
					"@executable_path/Frameworks",
				);
				MARKETING_VERSION = 1.0;
				PRODUCT_BUNDLE_IDENTIFIER = studies.s.client;
				PRODUCT_NAME = "$(TARGET_NAME)";
				SWIFT_EMIT_LOC_STRINGS = YES;
				SWIFT_VERSION = 5.0;
				TARGETED_DEVICE_FAMILY = "1,2";
			};
			name = Release;
		};
/* End XCBuildConfiguration section */

/* Begin XCConfigurationList section */
		BF28801329C8CE8000036B84 /* Build configuration list for PBXProject "client" */ = {
			isa = XCConfigurationList;
			buildConfigurations = (
				BF28802429C8CE8000036B84 /* Debug */,
				BF28802529C8CE8000036B84 /* Release */,
			);
			defaultConfigurationIsVisible = 0;
			defaultConfigurationName = Release;
		};
		BF28802629C8CE8000036B84 /* Build configuration list for PBXNativeTarget "client" */ = {
			isa = XCConfigurationList;
			buildConfigurations = (
				BF28802729C8CE8000036B84 /* Debug */,
				BF28802829C8CE8000036B84 /* Release */,
			);
			defaultConfigurationIsVisible = 0;
			defaultConfigurationName = Release;
		};
/* End XCConfigurationList section */

/* Begin XCRemoteSwiftPackageReference section */
		BF28802C29C8E66D00036B84 /* XCRemoteSwiftPackageReference "socket.io-client-swift" */ = {
			isa = XCRemoteSwiftPackageReference;
			repositoryURL = "https://github.com/socketio/socket.io-client-swift.git";
			requirement = {
				branch = master;
				kind = branch;
			};
		};
/* End XCRemoteSwiftPackageReference section */

/* Begin XCSwiftPackageProductDependency section */
		BF28802D29C8E66D00036B84 /* SocketIO */ = {
			isa = XCSwiftPackageProductDependency;
			package = BF28802C29C8E66D00036B84 /* XCRemoteSwiftPackageReference "socket.io-client-swift" */;
			productName = SocketIO;
		};
/* End XCSwiftPackageProductDependency section */
	};
	rootObject = BF28801029C8CE8000036B84 /* Project object */;
}
