// !$*UTF8*$!
{
	archiveVersion = 1;
	classes = {
	};
	objectVersion = 56;
	objects = {

/* Begin PBXBuildFile section */
		BC505CEF29D4B1A400D4A5F7 /* Gilroy-ExtraBold.otf in Resources */ = {isa = PBXBuildFile; fileRef = BC505CED29D4B1A400D4A5F7 /* Gilroy-ExtraBold.otf */; };
		BC505CF029D4B1A400D4A5F7 /* Gilroy-Light.otf in Resources */ = {isa = PBXBuildFile; fileRef = BC505CEE29D4B1A400D4A5F7 /* Gilroy-Light.otf */; };
		BC505CF329D4B3CA00D4A5F7 /* CustomFont.swift in Sources */ = {isa = PBXBuildFile; fileRef = BC505CF229D4B3CA00D4A5F7 /* CustomFont.swift */; };
		BCECABFE29D4DD4700615452 /* OrangeButton.swift in Sources */ = {isa = PBXBuildFile; fileRef = BCECABFD29D4DD4700615452 /* OrangeButton.swift */; };
		BCECAC0229D501CD00615452 /* CodeTextfield.swift in Sources */ = {isa = PBXBuildFile; fileRef = BCECAC0129D501CD00615452 /* CodeTextfield.swift */; };
		BF28801C29C8CE8000036B84 /* clientApp.swift in Sources */ = {isa = PBXBuildFile; fileRef = BF28801B29C8CE8000036B84 /* clientApp.swift */; };
		BF28802029C8CE8000036B84 /* Assets.xcassets in Resources */ = {isa = PBXBuildFile; fileRef = BF28801F29C8CE8000036B84 /* Assets.xcassets */; };
		BF28802329C8CE8000036B84 /* Preview Assets.xcassets in Resources */ = {isa = PBXBuildFile; fileRef = BF28802229C8CE8000036B84 /* Preview Assets.xcassets */; };
		BF28802E29C8E66D00036B84 /* SocketIO in Frameworks */ = {isa = PBXBuildFile; productRef = BF28802D29C8E66D00036B84 /* SocketIO */; };
		BF28804929D3C19500036B84 /* ContentView.swift in Sources */ = {isa = PBXBuildFile; fileRef = BF28804629D3C19500036B84 /* ContentView.swift */; };
		BF28804A29D3C19500036B84 /* ContentViewModel.swift in Sources */ = {isa = PBXBuildFile; fileRef = BF28804729D3C19500036B84 /* ContentViewModel.swift */; };
		BF28804E29D3C25B00036B84 /* Color.swift in Sources */ = {isa = PBXBuildFile; fileRef = BF28804D29D3C25B00036B84 /* Color.swift */; };
		BF28805529D3C61200036B84 /* SocketViewModel.swift in Sources */ = {isa = PBXBuildFile; fileRef = BF28805429D3C61200036B84 /* SocketViewModel.swift */; };
		BF28805829D3CE8800036B84 /* AppNavigation.swift in Sources */ = {isa = PBXBuildFile; fileRef = BF28805729D3CE8800036B84 /* AppNavigation.swift */; };
		BF28805B29D3CF7200036B84 /* Route.swift in Sources */ = {isa = PBXBuildFile; fileRef = BF28805A29D3CF7200036B84 /* Route.swift */; };
/* End PBXBuildFile section */

/* Begin PBXFileReference section */
		BC505CED29D4B1A400D4A5F7 /* Gilroy-ExtraBold.otf */ = {isa = PBXFileReference; lastKnownFileType = file; path = "Gilroy-ExtraBold.otf"; sourceTree = "<group>"; };
		BC505CEE29D4B1A400D4A5F7 /* Gilroy-Light.otf */ = {isa = PBXFileReference; lastKnownFileType = file; path = "Gilroy-Light.otf"; sourceTree = "<group>"; };
		BC505CF129D4B27A00D4A5F7 /* Info.plist */ = {isa = PBXFileReference; lastKnownFileType = text.plist.xml; path = Info.plist; sourceTree = "<group>"; };
		BC505CF229D4B3CA00D4A5F7 /* CustomFont.swift */ = {isa = PBXFileReference; lastKnownFileType = sourcecode.swift; path = CustomFont.swift; sourceTree = "<group>"; };
		BCECABFD29D4DD4700615452 /* OrangeButton.swift */ = {isa = PBXFileReference; lastKnownFileType = sourcecode.swift; path = OrangeButton.swift; sourceTree = "<group>"; };
		BCECAC0129D501CD00615452 /* CodeTextfield.swift */ = {isa = PBXFileReference; lastKnownFileType = sourcecode.swift; path = CodeTextfield.swift; sourceTree = "<group>"; };
		BF28801829C8CE8000036B84 /* client.app */ = {isa = PBXFileReference; explicitFileType = wrapper.application; includeInIndex = 0; path = client.app; sourceTree = BUILT_PRODUCTS_DIR; };
		BF28801B29C8CE8000036B84 /* clientApp.swift */ = {isa = PBXFileReference; lastKnownFileType = sourcecode.swift; path = clientApp.swift; sourceTree = "<group>"; };
		BF28801F29C8CE8000036B84 /* Assets.xcassets */ = {isa = PBXFileReference; lastKnownFileType = folder.assetcatalog; path = Assets.xcassets; sourceTree = "<group>"; };
		BF28802229C8CE8000036B84 /* Preview Assets.xcassets */ = {isa = PBXFileReference; lastKnownFileType = folder.assetcatalog; path = "Preview Assets.xcassets"; sourceTree = "<group>"; };
		BF28804629D3C19500036B84 /* ContentView.swift */ = {isa = PBXFileReference; lastKnownFileType = sourcecode.swift; path = ContentView.swift; sourceTree = "<group>"; };
		BF28804729D3C19500036B84 /* ContentViewModel.swift */ = {isa = PBXFileReference; lastKnownFileType = sourcecode.swift; path = ContentViewModel.swift; sourceTree = "<group>"; };
		BF28804D29D3C25B00036B84 /* Color.swift */ = {isa = PBXFileReference; lastKnownFileType = sourcecode.swift; path = Color.swift; sourceTree = "<group>"; };
		BF28805429D3C61200036B84 /* SocketViewModel.swift */ = {isa = PBXFileReference; lastKnownFileType = sourcecode.swift; path = SocketViewModel.swift; sourceTree = "<group>"; };
		BF28805729D3CE8800036B84 /* AppNavigation.swift */ = {isa = PBXFileReference; lastKnownFileType = sourcecode.swift; path = AppNavigation.swift; sourceTree = "<group>"; };
		BF28805A29D3CF7200036B84 /* Route.swift */ = {isa = PBXFileReference; lastKnownFileType = sourcecode.swift; path = Route.swift; sourceTree = "<group>"; };
/* End PBXFileReference section */

/* Begin PBXFrameworksBuildPhase section */
		BF28801529C8CE8000036B84 /* Frameworks */ = {
			isa = PBXFrameworksBuildPhase;
			buildActionMask = 2147483647;
			files = (
				BF28802E29C8E66D00036B84 /* SocketIO in Frameworks */,
			);
			runOnlyForDeploymentPostprocessing = 0;
		};
/* End PBXFrameworksBuildPhase section */

/* Begin PBXGroup section */
		BCB9048529D4B0A80021E691 /* Fonts */ = {
			isa = PBXGroup;
			children = (
				BC505CED29D4B1A400D4A5F7 /* Gilroy-ExtraBold.otf */,
				BC505CEE29D4B1A400D4A5F7 /* Gilroy-Light.otf */,
				BC505CF229D4B3CA00D4A5F7 /* CustomFont.swift */,
			);
			path = Fonts;
			sourceTree = "<group>";
		};
		BCECABFC29D4DD1E00615452 /* Components */ = {
			isa = PBXGroup;
			children = (
				BCECABFD29D4DD4700615452 /* OrangeButton.swift */,
				BCECAC0129D501CD00615452 /* CodeTextfield.swift */,
			);
			path = Components;
			sourceTree = "<group>";
		};
		BF28800F29C8CE8000036B84 = {
			isa = PBXGroup;
			children = (
				BF28801A29C8CE8000036B84 /* client */,
				BF28801929C8CE8000036B84 /* Products */,
			);
			sourceTree = "<group>";
		};
		BF28801929C8CE8000036B84 /* Products */ = {
			isa = PBXGroup;
			children = (
				BF28801829C8CE8000036B84 /* client.app */,
			);
			name = Products;
			sourceTree = "<group>";
		};
		BF28801A29C8CE8000036B84 /* client */ = {
			isa = PBXGroup;
			children = (
				BC505CF129D4B27A00D4A5F7 /* Info.plist */,
				BCECABFC29D4DD1E00615452 /* Components */,
				BF28805329D3C5FF00036B84 /* ViewModels */,
				BF28804C29D3C22000036B84 /* Extensions */,
				BF28803E29D3C10D00036B84 /* Views */,
				BF28801B29C8CE8000036B84 /* clientApp.swift */,
				BF28801F29C8CE8000036B84 /* Assets.xcassets */,
				BF28802129C8CE8000036B84 /* Preview Content */,
			);
			path = client;
			sourceTree = "<group>";
		};
		BF28802129C8CE8000036B84 /* Preview Content */ = {
			isa = PBXGroup;
			children = (
				BF28802229C8CE8000036B84 /* Preview Assets.xcassets */,
			);
			path = "Preview Content";
			sourceTree = "<group>";
		};
		BF28803E29D3C10D00036B84 /* Views */ = {
			isa = PBXGroup;
			children = (
				BF28805629D3CE5E00036B84 /* Navigation */,
				BF28805029D3C35800036B84 /* Core */,
			);
			path = Views;
			sourceTree = "<group>";
		};
		BF28803F29D3C11700036B84 /* ContentView */ = {
			isa = PBXGroup;
			children = (
				BF28804629D3C19500036B84 /* ContentView.swift */,
				BF28804729D3C19500036B84 /* ContentViewModel.swift */,
			);
			path = ContentView;
			sourceTree = "<group>";
		};
		BF28804C29D3C22000036B84 /* Extensions */ = {
			isa = PBXGroup;
			children = (
				BCB9048529D4B0A80021E691 /* Fonts */,
				BF28804D29D3C25B00036B84 /* Color.swift */,
			);
			path = Extensions;
			sourceTree = "<group>";
		};
		BF28805029D3C35800036B84 /* Core */ = {
			isa = PBXGroup;
			children = (
				BF28803F29D3C11700036B84 /* ContentView */,
			);
			path = Core;
			sourceTree = "<group>";
		};
		BF28805329D3C5FF00036B84 /* ViewModels */ = {
			isa = PBXGroup;
			children = (
				BF28805429D3C61200036B84 /* SocketViewModel.swift */,
			);
			path = ViewModels;
			sourceTree = "<group>";
		};
		BF28805629D3CE5E00036B84 /* Navigation */ = {
			isa = PBXGroup;
			children = (
				BF28805729D3CE8800036B84 /* AppNavigation.swift */,
				BF28805A29D3CF7200036B84 /* Route.swift */,
			);
			path = Navigation;
			sourceTree = "<group>";
		};
/* End PBXGroup section */

/* Begin PBXNativeTarget section */
		BF28801729C8CE8000036B84 /* client */ = {
			isa = PBXNativeTarget;
			buildConfigurationList = BF28802629C8CE8000036B84 /* Build configuration list for PBXNativeTarget "client" */;
			buildPhases = (
				BF28801429C8CE8000036B84 /* Sources */,
				BF28801529C8CE8000036B84 /* Frameworks */,
				BF28801629C8CE8000036B84 /* Resources */,
			);
			buildRules = (
			);
			dependencies = (
			);
			name = client;
			packageProductDependencies = (
				BF28802D29C8E66D00036B84 /* SocketIO */,
			);
			productName = client;
			productReference = BF28801829C8CE8000036B84 /* client.app */;
			productType = "com.apple.product-type.application";
		};
/* End PBXNativeTarget section */

/* Begin PBXProject section */
		BF28801029C8CE8000036B84 /* Project object */ = {
			isa = PBXProject;
			attributes = {
				BuildIndependentTargetsInParallel = 1;
				LastSwiftUpdateCheck = 1420;
				LastUpgradeCheck = 1420;
				TargetAttributes = {
					BF28801729C8CE8000036B84 = {
						CreatedOnToolsVersion = 14.2;
					};
				};
			};
			buildConfigurationList = BF28801329C8CE8000036B84 /* Build configuration list for PBXProject "client" */;
			compatibilityVersion = "Xcode 14.0";
			developmentRegion = en;
			hasScannedForEncodings = 0;
			knownRegions = (
				en,
				Base,
			);
			mainGroup = BF28800F29C8CE8000036B84;
			packageReferences = (
				BF28802C29C8E66D00036B84 /* XCRemoteSwiftPackageReference "socket.io-client-swift" */,
			);
			productRefGroup = BF28801929C8CE8000036B84 /* Products */;
			projectDirPath = "";
			projectRoot = "";
			targets = (
				BF28801729C8CE8000036B84 /* client */,
			);
		};
/* End PBXProject section */

/* Begin PBXResourcesBuildPhase section */
		BF28801629C8CE8000036B84 /* Resources */ = {
			isa = PBXResourcesBuildPhase;
			buildActionMask = 2147483647;
			files = (
				BF28802329C8CE8000036B84 /* Preview Assets.xcassets in Resources */,
				BF28802029C8CE8000036B84 /* Assets.xcassets in Resources */,
				BC505CF029D4B1A400D4A5F7 /* Gilroy-Light.otf in Resources */,
				BC505CEF29D4B1A400D4A5F7 /* Gilroy-ExtraBold.otf in Resources */,
			);
			runOnlyForDeploymentPostprocessing = 0;
		};
/* End PBXResourcesBuildPhase section */

/* Begin PBXSourcesBuildPhase section */
		BF28801429C8CE8000036B84 /* Sources */ = {
			isa = PBXSourcesBuildPhase;
			buildActionMask = 2147483647;
			files = (
				BC505CF329D4B3CA00D4A5F7 /* CustomFont.swift in Sources */,
				BCECABFE29D4DD4700615452 /* OrangeButton.swift in Sources */,
				BCECAC0229D501CD00615452 /* CodeTextfield.swift in Sources */,
				BF28804A29D3C19500036B84 /* ContentViewModel.swift in Sources */,
				BF28801C29C8CE8000036B84 /* clientApp.swift in Sources */,
				BF28804E29D3C25B00036B84 /* Color.swift in Sources */,
				BF28805829D3CE8800036B84 /* AppNavigation.swift in Sources */,
				BF28805529D3C61200036B84 /* SocketViewModel.swift in Sources */,
				BF28805B29D3CF7200036B84 /* Route.swift in Sources */,
				BF28804929D3C19500036B84 /* ContentView.swift in Sources */,
			);
			runOnlyForDeploymentPostprocessing = 0;
		};
/* End PBXSourcesBuildPhase section */

/* Begin XCBuildConfiguration section */
		BF28802429C8CE8000036B84 /* Debug */ = {
			isa = XCBuildConfiguration;
			buildSettings = {
				ALWAYS_SEARCH_USER_PATHS = NO;
				CLANG_ANALYZER_NONNULL = YES;
				CLANG_ANALYZER_NUMBER_OBJECT_CONVERSION = YES_AGGRESSIVE;
				CLANG_CXX_LANGUAGE_STANDARD = "gnu++20";
				CLANG_ENABLE_MODULES = YES;
				CLANG_ENABLE_OBJC_ARC = YES;
				CLANG_ENABLE_OBJC_WEAK = YES;
				CLANG_WARN_BLOCK_CAPTURE_AUTORELEASING = YES;
				CLANG_WARN_BOOL_CONVERSION = YES;
				CLANG_WARN_COMMA = YES;
				CLANG_WARN_CONSTANT_CONVERSION = YES;
				CLANG_WARN_DEPRECATED_OBJC_IMPLEMENTATIONS = YES;
				CLANG_WARN_DIRECT_OBJC_ISA_USAGE = YES_ERROR;
				CLANG_WARN_DOCUMENTATION_COMMENTS = YES;
				CLANG_WARN_EMPTY_BODY = YES;
				CLANG_WARN_ENUM_CONVERSION = YES;
				CLANG_WARN_INFINITE_RECURSION = YES;
				CLANG_WARN_INT_CONVERSION = YES;
				CLANG_WARN_NON_LITERAL_NULL_CONVERSION = YES;
				CLANG_WARN_OBJC_IMPLICIT_RETAIN_SELF = YES;
				CLANG_WARN_OBJC_LITERAL_CONVERSION = YES;
				CLANG_WARN_OBJC_ROOT_CLASS = YES_ERROR;
				CLANG_WARN_QUOTED_INCLUDE_IN_FRAMEWORK_HEADER = YES;
				CLANG_WARN_RANGE_LOOP_ANALYSIS = YES;
				CLANG_WARN_STRICT_PROTOTYPES = YES;
				CLANG_WARN_SUSPICIOUS_MOVE = YES;
				CLANG_WARN_UNGUARDED_AVAILABILITY = YES_AGGRESSIVE;
				CLANG_WARN_UNREACHABLE_CODE = YES;
				CLANG_WARN__DUPLICATE_METHOD_MATCH = YES;
				COPY_PHASE_STRIP = NO;
				DEBUG_INFORMATION_FORMAT = dwarf;
				ENABLE_STRICT_OBJC_MSGSEND = YES;
				ENABLE_TESTABILITY = YES;
				GCC_C_LANGUAGE_STANDARD = gnu11;
				GCC_DYNAMIC_NO_PIC = NO;
				GCC_NO_COMMON_BLOCKS = YES;
				GCC_OPTIMIZATION_LEVEL = 0;
				GCC_PREPROCESSOR_DEFINITIONS = (
					"DEBUG=1",
					"$(inherited)",
				);
				GCC_WARN_64_TO_32_BIT_CONVERSION = YES;
				GCC_WARN_ABOUT_RETURN_TYPE = YES_ERROR;
				GCC_WARN_UNDECLARED_SELECTOR = YES;
				GCC_WARN_UNINITIALIZED_AUTOS = YES_AGGRESSIVE;
				GCC_WARN_UNUSED_FUNCTION = YES;
				GCC_WARN_UNUSED_VARIABLE = YES;
				IPHONEOS_DEPLOYMENT_TARGET = 16.2;
				MTL_ENABLE_DEBUG_INFO = INCLUDE_SOURCE;
				MTL_FAST_MATH = YES;
				ONLY_ACTIVE_ARCH = YES;
				SDKROOT = iphoneos;
				SWIFT_ACTIVE_COMPILATION_CONDITIONS = DEBUG;
				SWIFT_OPTIMIZATION_LEVEL = "-Onone";
			};
			name = Debug;
		};
		BF28802529C8CE8000036B84 /* Release */ = {
			isa = XCBuildConfiguration;
			buildSettings = {
				ALWAYS_SEARCH_USER_PATHS = NO;
				CLANG_ANALYZER_NONNULL = YES;
				CLANG_ANALYZER_NUMBER_OBJECT_CONVERSION = YES_AGGRESSIVE;
				CLANG_CXX_LANGUAGE_STANDARD = "gnu++20";
				CLANG_ENABLE_MODULES = YES;
				CLANG_ENABLE_OBJC_ARC = YES;
				CLANG_ENABLE_OBJC_WEAK = YES;
				CLANG_WARN_BLOCK_CAPTURE_AUTORELEASING = YES;
				CLANG_WARN_BOOL_CONVERSION = YES;
				CLANG_WARN_COMMA = YES;
				CLANG_WARN_CONSTANT_CONVERSION = YES;
				CLANG_WARN_DEPRECATED_OBJC_IMPLEMENTATIONS = YES;
				CLANG_WARN_DIRECT_OBJC_ISA_USAGE = YES_ERROR;
				CLANG_WARN_DOCUMENTATION_COMMENTS = YES;
				CLANG_WARN_EMPTY_BODY = YES;
				CLANG_WARN_ENUM_CONVERSION = YES;
				CLANG_WARN_INFINITE_RECURSION = YES;
				CLANG_WARN_INT_CONVERSION = YES;
				CLANG_WARN_NON_LITERAL_NULL_CONVERSION = YES;
				CLANG_WARN_OBJC_IMPLICIT_RETAIN_SELF = YES;
				CLANG_WARN_OBJC_LITERAL_CONVERSION = YES;
				CLANG_WARN_OBJC_ROOT_CLASS = YES_ERROR;
				CLANG_WARN_QUOTED_INCLUDE_IN_FRAMEWORK_HEADER = YES;
				CLANG_WARN_RANGE_LOOP_ANALYSIS = YES;
				CLANG_WARN_STRICT_PROTOTYPES = YES;
				CLANG_WARN_SUSPICIOUS_MOVE = YES;
				CLANG_WARN_UNGUARDED_AVAILABILITY = YES_AGGRESSIVE;
				CLANG_WARN_UNREACHABLE_CODE = YES;
				CLANG_WARN__DUPLICATE_METHOD_MATCH = YES;
				COPY_PHASE_STRIP = NO;
				DEBUG_INFORMATION_FORMAT = "dwarf-with-dsym";
				ENABLE_NS_ASSERTIONS = NO;
				ENABLE_STRICT_OBJC_MSGSEND = YES;
				GCC_C_LANGUAGE_STANDARD = gnu11;
				GCC_NO_COMMON_BLOCKS = YES;
				GCC_WARN_64_TO_32_BIT_CONVERSION = YES;
				GCC_WARN_ABOUT_RETURN_TYPE = YES_ERROR;
				GCC_WARN_UNDECLARED_SELECTOR = YES;
				GCC_WARN_UNINITIALIZED_AUTOS = YES_AGGRESSIVE;
				GCC_WARN_UNUSED_FUNCTION = YES;
				GCC_WARN_UNUSED_VARIABLE = YES;
				IPHONEOS_DEPLOYMENT_TARGET = 16.2;
				MTL_ENABLE_DEBUG_INFO = NO;
				MTL_FAST_MATH = YES;
				SDKROOT = iphoneos;
				SWIFT_COMPILATION_MODE = wholemodule;
				SWIFT_OPTIMIZATION_LEVEL = "-O";
				VALIDATE_PRODUCT = YES;
			};
			name = Release;
		};
		BF28802729C8CE8000036B84 /* Debug */ = {
			isa = XCBuildConfiguration;
			buildSettings = {
				ASSETCATALOG_COMPILER_APPICON_NAME = AppIcon;
				ASSETCATALOG_COMPILER_GLOBAL_ACCENT_COLOR_NAME = AccentColor;
				CODE_SIGN_STYLE = Automatic;
				CURRENT_PROJECT_VERSION = 1;
				DEVELOPMENT_ASSET_PATHS = "\"client/Preview Content\"";
				DEVELOPMENT_TEAM = M3SKJK6V42;
				ENABLE_PREVIEWS = YES;
				GENERATE_INFOPLIST_FILE = YES;
				INFOPLIST_FILE = client/Info.plist;
				INFOPLIST_KEY_UIApplicationSceneManifest_Generation = YES;
				INFOPLIST_KEY_UIApplicationSupportsIndirectInputEvents = YES;
				INFOPLIST_KEY_UILaunchScreen_Generation = YES;
				INFOPLIST_KEY_UISupportedInterfaceOrientations_iPad = "UIInterfaceOrientationLandscapeLeft UIInterfaceOrientationLandscapeRight";
				LD_RUNPATH_SEARCH_PATHS = (
					"$(inherited)",
					"@executable_path/Frameworks",
				);
				MARKETING_VERSION = 1.0;
				PRODUCT_BUNDLE_IDENTIFIER = studies.s.client;
				PRODUCT_NAME = "$(TARGET_NAME)";
				SWIFT_EMIT_LOC_STRINGS = YES;
				SWIFT_VERSION = 5.0;
				TARGETED_DEVICE_FAMILY = "1,2";
			};
			name = Debug;
		};
		BF28802829C8CE8000036B84 /* Release */ = {
			isa = XCBuildConfiguration;
			buildSettings = {
				ASSETCATALOG_COMPILER_APPICON_NAME = AppIcon;
				ASSETCATALOG_COMPILER_GLOBAL_ACCENT_COLOR_NAME = AccentColor;
				CODE_SIGN_STYLE = Automatic;
				CURRENT_PROJECT_VERSION = 1;
				DEVELOPMENT_ASSET_PATHS = "\"client/Preview Content\"";
				DEVELOPMENT_TEAM = M3SKJK6V42;
				ENABLE_PREVIEWS = YES;
				GENERATE_INFOPLIST_FILE = YES;
				INFOPLIST_FILE = client/Info.plist;
				INFOPLIST_KEY_UIApplicationSceneManifest_Generation = YES;
				INFOPLIST_KEY_UIApplicationSupportsIndirectInputEvents = YES;
				INFOPLIST_KEY_UILaunchScreen_Generation = YES;
				INFOPLIST_KEY_UISupportedInterfaceOrientations_iPad = "UIInterfaceOrientationLandscapeLeft UIInterfaceOrientationLandscapeRight";
				LD_RUNPATH_SEARCH_PATHS = (
					"$(inherited)",
					"@executable_path/Frameworks",
				);
				MARKETING_VERSION = 1.0;
				PRODUCT_BUNDLE_IDENTIFIER = studies.s.client;
				PRODUCT_NAME = "$(TARGET_NAME)";
				SWIFT_EMIT_LOC_STRINGS = YES;
				SWIFT_VERSION = 5.0;
				TARGETED_DEVICE_FAMILY = "1,2";
			};
			name = Release;
		};
/* End XCBuildConfiguration section */

/* Begin XCConfigurationList section */
		BF28801329C8CE8000036B84 /* Build configuration list for PBXProject "client" */ = {
			isa = XCConfigurationList;
			buildConfigurations = (
				BF28802429C8CE8000036B84 /* Debug */,
				BF28802529C8CE8000036B84 /* Release */,
			);
			defaultConfigurationIsVisible = 0;
			defaultConfigurationName = Release;
		};
		BF28802629C8CE8000036B84 /* Build configuration list for PBXNativeTarget "client" */ = {
			isa = XCConfigurationList;
			buildConfigurations = (
				BF28802729C8CE8000036B84 /* Debug */,
				BF28802829C8CE8000036B84 /* Release */,
			);
			defaultConfigurationIsVisible = 0;
			defaultConfigurationName = Release;
		};
/* End XCConfigurationList section */

/* Begin XCRemoteSwiftPackageReference section */
		BF28802C29C8E66D00036B84 /* XCRemoteSwiftPackageReference "socket.io-client-swift" */ = {
			isa = XCRemoteSwiftPackageReference;
			repositoryURL = "https://github.com/socketio/socket.io-client-swift.git";
			requirement = {
				branch = master;
				kind = branch;
			};
		};
/* End XCRemoteSwiftPackageReference section */

/* Begin XCSwiftPackageProductDependency section */
		BF28802D29C8E66D00036B84 /* SocketIO */ = {
			isa = XCSwiftPackageProductDependency;
			package = BF28802C29C8E66D00036B84 /* XCRemoteSwiftPackageReference "socket.io-client-swift" */;
			productName = SocketIO;
		};
/* End XCSwiftPackageProductDependency section */
	};
	rootObject = BF28801029C8CE8000036B84 /* Project object */;
}
